
Microsoft Visual Studio Solution File, Format Version 12.00
# Visual Studio Version 17
VisualStudioVersion = 17.0.31903.59
MinimumVisualStudioVersion = 10.0.40219.1
Project("{2150E333-8FDC-42A3-9474-1A3956D46DE8}") = "src", "src", "{827E0CD3-B72D-47B6-A68D-7590B98EB39B}"
EndProject
Project("{FAE04EC0-301F-11D3-BF4B-00C04F79EFBC}") = "CommTT.Domain", "src\CommTT.Domain\CommTT.Domain.csproj", "{59BBFF3B-AB64-4B6B-88B5-E6F66BA74A8E}"
EndProject
Project("{FAE04EC0-301F-11D3-BF4B-00C04F79EFBC}") = "CommTT.Application", "src\CommTT.Application\CommTT.Application.csproj", "{C9E3E1B9-FA4F-4E28-BB40-DCE40CF08810}"
EndProject
Project("{FAE04EC0-301F-11D3-BF4B-00C04F79EFBC}") = "CommTT.Infrastructure", "src\CommTT.Infrastructure\CommTT.Infrastructure.csproj", "{992B48C3-F7A8-4610-BD06-D7C9944B2E3C}"
EndProject
Project("{FAE04EC0-301F-11D3-BF4B-00C04F79EFBC}") = "CommTT.Shell", "src\CommTT.Shell\CommTT.Shell.csproj", "{953A92AC-4BF1-48F2-87EC-2F6097EC63E4}"
EndProject
Project("{FAE04EC0-301F-11D3-BF4B-00C04F79EFBC}") = "CommTT.Modules.SerialProvider", "src\CommTT.Modules.SerialProvider\CommTT.Modules.SerialProvider.csproj", "{5C869268-0DCD-4692-94C1-98EBB1976FA3}"
EndProject
Project("{2150E333-8FDC-42A3-9474-1A3956D46DE8}") = "tests", "tests", "{0AB3BF05-4346-4AA6-1389-037BE0695223}"
EndProject
Project("{FAE04EC0-301F-11D3-BF4B-00C04F79EFBC}") = "CommTT.Tests.Unit", "tests\CommTT.Tests.Unit\CommTT.Tests.Unit.csproj", "{28BF39EA-61C3-461D-9415-ADAD154A6A53}"
EndProject
Project("{FAE04EC0-301F-11D3-BF4B-00C04F79EFBC}") = "CommTT.Tests.Benchmark", "tests\CommTT.Tests.Benchmark\CommTT.Tests.Benchmark.csproj", "{F186ADD8-A7D2-4D7D-B1AA-150954CAAECB}"
EndProject
Global
	GlobalSection(SolutionConfigurationPlatforms) = preSolution
		Debug|Any CPU = Debug|Any CPU
		Debug|x64 = Debug|x64
		Debug|x86 = Debug|x86
		Release|Any CPU = Release|Any CPU
		Release|x64 = Release|x64
		Release|x86 = Release|x86
	EndGlobalSection
	GlobalSection(ProjectConfigurationPlatforms) = postSolution
		{59BBFF3B-AB64-4B6B-88B5-E6F66BA74A8E}.Debug|Any CPU.ActiveCfg = Debug|Any CPU
		{59BBFF3B-AB64-4B6B-88B5-E6F66BA74A8E}.Debug|Any CPU.Build.0 = Debug|Any CPU
		{59BBFF3B-AB64-4B6B-88B5-E6F66BA74A8E}.Debug|x64.ActiveCfg = Debug|Any CPU
		{59BBFF3B-AB64-4B6B-88B5-E6F66BA74A8E}.Debug|x64.Build.0 = Debug|Any CPU
		{59BBFF3B-AB64-4B6B-88B5-E6F66BA74A8E}.Debug|x86.ActiveCfg = Debug|Any CPU
		{59BBFF3B-AB64-4B6B-88B5-E6F66BA74A8E}.Debug|x86.Build.0 = Debug|Any CPU
		{59BBFF3B-AB64-4B6B-88B5-E6F66BA74A8E}.Release|Any CPU.ActiveCfg = Release|Any CPU
		{59BBFF3B-AB64-4B6B-88B5-E6F66BA74A8E}.Release|Any CPU.Build.0 = Release|Any CPU
		{59BBFF3B-AB64-4B6B-88B5-E6F66BA74A8E}.Release|x64.ActiveCfg = Release|Any CPU
		{59BBFF3B-AB64-4B6B-88B5-E6F66BA74A8E}.Release|x64.Build.0 = Release|Any CPU
		{59BBFF3B-AB64-4B6B-88B5-E6F66BA74A8E}.Release|x86.ActiveCfg = Release|Any CPU
		{59BBFF3B-AB64-4B6B-88B5-E6F66BA74A8E}.Release|x86.Build.0 = Release|Any CPU
		{C9E3E1B9-FA4F-4E28-BB40-DCE40CF08810}.Debug|Any CPU.ActiveCfg = Debug|Any CPU
		{C9E3E1B9-FA4F-4E28-BB40-DCE40CF08810}.Debug|Any CPU.Build.0 = Debug|Any CPU
		{C9E3E1B9-FA4F-4E28-BB40-DCE40CF08810}.Debug|x64.ActiveCfg = Debug|Any CPU
		{C9E3E1B9-FA4F-4E28-BB40-DCE40CF08810}.Debug|x64.Build.0 = Debug|Any CPU
		{C9E3E1B9-FA4F-4E28-BB40-DCE40CF08810}.Debug|x86.ActiveCfg = Debug|Any CPU
		{C9E3E1B9-FA4F-4E28-BB40-DCE40CF08810}.Debug|x86.Build.0 = Debug|Any CPU
		{C9E3E1B9-FA4F-4E28-BB40-DCE40CF08810}.Release|Any CPU.ActiveCfg = Release|Any CPU
		{C9E3E1B9-FA4F-4E28-BB40-DCE40CF08810}.Release|Any CPU.Build.0 = Release|Any CPU
		{C9E3E1B9-FA4F-4E28-BB40-DCE40CF08810}.Release|x64.ActiveCfg = Release|Any CPU
		{C9E3E1B9-FA4F-4E28-BB40-DCE40CF08810}.Release|x64.Build.0 = Release|Any CPU
		{C9E3E1B9-FA4F-4E28-BB40-DCE40CF08810}.Release|x86.ActiveCfg = Release|Any CPU
		{C9E3E1B9-FA4F-4E28-BB40-DCE40CF08810}.Release|x86.Build.0 = Release|Any CPU
		{992B48C3-F7A8-4610-BD06-D7C9944B2E3C}.Debug|Any CPU.ActiveCfg = Debug|Any CPU
		{992B48C3-F7A8-4610-BD06-D7C9944B2E3C}.Debug|Any CPU.Build.0 = Debug|Any CPU
		{992B48C3-F7A8-4610-BD06-D7C9944B2E3C}.Debug|x64.ActiveCfg = Debug|Any CPU
		{992B48C3-F7A8-4610-BD06-D7C9944B2E3C}.Debug|x64.Build.0 = Debug|Any CPU
		{992B48C3-F7A8-4610-BD06-D7C9944B2E3C}.Debug|x86.ActiveCfg = Debug|Any CPU
		{992B48C3-F7A8-4610-BD06-D7C9944B2E3C}.Debug|x86.Build.0 = Debug|Any CPU
		{992B48C3-F7A8-4610-BD06-D7C9944B2E3C}.Release|Any CPU.ActiveCfg = Release|Any CPU
		{992B48C3-F7A8-4610-BD06-D7C9944B2E3C}.Release|Any CPU.Build.0 = Release|Any CPU
		{992B48C3-F7A8-4610-BD06-D7C9944B2E3C}.Release|x64.ActiveCfg = Release|Any CPU
		{992B48C3-F7A8-4610-BD06-D7C9944B2E3C}.Release|x64.Build.0 = Release|Any CPU
		{992B48C3-F7A8-4610-BD06-D7C9944B2E3C}.Release|x86.ActiveCfg = Release|Any CPU
		{992B48C3-F7A8-4610-BD06-D7C9944B2E3C}.Release|x86.Build.0 = Release|Any CPU
		{953A92AC-4BF1-48F2-87EC-2F6097EC63E4}.Debug|Any CPU.ActiveCfg = Debug|Any CPU
		{953A92AC-4BF1-48F2-87EC-2F6097EC63E4}.Debug|Any CPU.Build.0 = Debug|Any CPU
		{953A92AC-4BF1-48F2-87EC-2F6097EC63E4}.Debug|x64.ActiveCfg = Debug|Any CPU
		{953A92AC-4BF1-48F2-87EC-2F6097EC63E4}.Debug|x64.Build.0 = Debug|Any CPU
		{953A92AC-4BF1-48F2-87EC-2F6097EC63E4}.Debug|x86.ActiveCfg = Debug|Any CPU
		{953A92AC-4BF1-48F2-87EC-2F6097EC63E4}.Debug|x86.Build.0 = Debug|Any CPU
		{953A92AC-4BF1-48F2-87EC-2F6097EC63E4}.Release|Any CPU.ActiveCfg = Release|Any CPU
		{953A92AC-4BF1-48F2-87EC-2F6097EC63E4}.Release|Any CPU.Build.0 = Release|Any CPU
		{953A92AC-4BF1-48F2-87EC-2F6097EC63E4}.Release|x64.ActiveCfg = Release|Any CPU
		{953A92AC-4BF1-48F2-87EC-2F6097EC63E4}.Release|x64.Build.0 = Release|Any CPU
		{953A92AC-4BF1-48F2-87EC-2F6097EC63E4}.Release|x86.ActiveCfg = Release|Any CPU
		{953A92AC-4BF1-48F2-87EC-2F6097EC63E4}.Release|x86.Build.0 = Release|Any CPU
		{5C869268-0DCD-4692-94C1-98EBB1976FA3}.Debug|Any CPU.ActiveCfg = Debug|Any CPU
		{5C869268-0DCD-4692-94C1-98EBB1976FA3}.Debug|Any CPU.Build.0 = Debug|Any CPU
		{5C869268-0DCD-4692-94C1-98EBB1976FA3}.Debug|x64.ActiveCfg = Debug|Any CPU
		{5C869268-0DCD-4692-94C1-98EBB1976FA3}.Debug|x64.Build.0 = Debug|Any CPU
		{5C869268-0DCD-4692-94C1-98EBB1976FA3}.Debug|x86.ActiveCfg = Debug|Any CPU
		{5C869268-0DCD-4692-94C1-98EBB1976FA3}.Debug|x86.Build.0 = Debug|Any CPU
		{5C869268-0DCD-4692-94C1-98EBB1976FA3}.Release|Any CPU.ActiveCfg = Release|Any CPU
		{5C869268-0DCD-4692-94C1-98EBB1976FA3}.Release|Any CPU.Build.0 = Release|Any CPU
		{5C869268-0DCD-4692-94C1-98EBB1976FA3}.Release|x64.ActiveCfg = Release|Any CPU
		{5C869268-0DCD-4692-94C1-98EBB1976FA3}.Release|x64.Build.0 = Release|Any CPU
		{5C869268-0DCD-4692-94C1-98EBB1976FA3}.Release|x86.ActiveCfg = Release|Any CPU
		{5C869268-0DCD-4692-94C1-98EBB1976FA3}.Release|x86.Build.0 = Release|Any CPU
		{28BF39EA-61C3-461D-9415-ADAD154A6A53}.Debug|Any CPU.ActiveCfg = Debug|Any CPU
		{28BF39EA-61C3-461D-9415-ADAD154A6A53}.Debug|Any CPU.Build.0 = Debug|Any CPU
		{28BF39EA-61C3-461D-9415-ADAD154A6A53}.Debug|x64.ActiveCfg = Debug|Any CPU
		{28BF39EA-61C3-461D-9415-ADAD154A6A53}.Debug|x64.Build.0 = Debug|Any CPU
		{28BF39EA-61C3-461D-9415-ADAD154A6A53}.Debug|x86.ActiveCfg = Debug|Any CPU
		{28BF39EA-61C3-461D-9415-ADAD154A6A53}.Debug|x86.Build.0 = Debug|Any CPU
		{28BF39EA-61C3-461D-9415-ADAD154A6A53}.Release|Any CPU.ActiveCfg = Release|Any CPU
		{28BF39EA-61C3-461D-9415-ADAD154A6A53}.Release|Any CPU.Build.0 = Release|Any CPU
		{28BF39EA-61C3-461D-9415-ADAD154A6A53}.Release|x64.ActiveCfg = Release|Any CPU
		{28BF39EA-61C3-461D-9415-ADAD154A6A53}.Release|x64.Build.0 = Release|Any CPU
		{28BF39EA-61C3-461D-9415-ADAD154A6A53}.Release|x86.ActiveCfg = Release|Any CPU
		{28BF39EA-61C3-461D-9415-ADAD154A6A53}.Release|x86.Build.0 = Release|Any CPU
		{F186ADD8-A7D2-4D7D-B1AA-150954CAAECB}.Debug|Any CPU.ActiveCfg = Debug|Any CPU
		{F186ADD8-A7D2-4D7D-B1AA-150954CAAECB}.Debug|Any CPU.Build.0 = Debug|Any CPU
		{F186ADD8-A7D2-4D7D-B1AA-150954CAAECB}.Debug|x64.ActiveCfg = Debug|Any CPU
		{F186ADD8-A7D2-4D7D-B1AA-150954CAAECB}.Debug|x64.Build.0 = Debug|Any CPU
		{F186ADD8-A7D2-4D7D-B1AA-150954CAAECB}.Debug|x86.ActiveCfg = Debug|Any CPU
		{F186ADD8-A7D2-4D7D-B1AA-150954CAAECB}.Debug|x86.Build.0 = Debug|Any CPU
		{F186ADD8-A7D2-4D7D-B1AA-150954CAAECB}.Release|Any CPU.ActiveCfg = Release|Any CPU
		{F186ADD8-A7D2-4D7D-B1AA-150954CAAECB}.Release|Any CPU.Build.0 = Release|Any CPU
		{F186ADD8-A7D2-4D7D-B1AA-150954CAAECB}.Release|x64.ActiveCfg = Release|Any CPU
		{F186ADD8-A7D2-4D7D-B1AA-150954CAAECB}.Release|x64.Build.0 = Release|Any CPU
		{F186ADD8-A7D2-4D7D-B1AA-150954CAAECB}.Release|x86.ActiveCfg = Release|Any CPU
		{F186ADD8-A7D2-4D7D-B1AA-150954CAAECB}.Release|x86.Build.0 = Release|Any CPU
	EndGlobalSection
	GlobalSection(SolutionProperties) = preSolution
		HideSolutionNode = FALSE
	EndGlobalSection
	GlobalSection(NestedProjects) = preSolution
		{59BBFF3B-AB64-4B6B-88B5-E6F66BA74A8E} = {827E0CD3-B72D-47B6-A68D-7590B98EB39B}
		{C9E3E1B9-FA4F-4E28-BB40-DCE40CF08810} = {827E0CD3-B72D-47B6-A68D-7590B98EB39B}
		{992B48C3-F7A8-4610-BD06-D7C9944B2E3C} = {827E0CD3-B72D-47B6-A68D-7590B98EB39B}
		{953A92AC-4BF1-48F2-87EC-2F6097EC63E4} = {827E0CD3-B72D-47B6-A68D-7590B98EB39B}
		{5C869268-0DCD-4692-94C1-98EBB1976FA3} = {827E0CD3-B72D-47B6-A68D-7590B98EB39B}
		{28BF39EA-61C3-461D-9415-ADAD154A6A53} = {0AB3BF05-4346-4AA6-1389-037BE0695223}
		{F186ADD8-A7D2-4D7D-B1AA-150954CAAECB} = {0AB3BF05-4346-4AA6-1389-037BE0695223}
	EndGlobalSection
EndGlobal
